
Microsoft Visual Studio Solution File, Format Version 12.00
# Visual Studio Version 17
VisualStudioVersion = 17.13.35931.197
MinimumVisualStudioVersion = 10.0.40219.1
Project("{FAE04EC0-301F-11D3-BF4B-00C04F79EFBC}") = "SimpleCqrsMediator.Core", "SimpleCqrsMediator.Core\SimpleCqrsMediator.Core.csproj", "{8A872E58-B907-4F69-A50C-5ECA2BB85889}"
EndProject
Project("{FAE04EC0-301F-11D3-BF4B-00C04F79EFBC}") = "SimpleCqrsMediator.Api", "SimpleCqrsMediator.Api\SimpleCqrsMediator.Api.csproj", "{F9078BBE-C32E-449F-B6FC-03FA8910C06A}"
EndProject
Project("{FAE04EC0-301F-11D3-BF4B-00C04F79EFBC}") = "SimpleCqrsMediator.Tests", "SimpleCqrsMediator.Tests\SimpleCqrsMediator.Tests.csproj", "{8B3C5FE0-7C16-C220-3F9A-35D7C0E0D878}"
EndProject
Global
	GlobalSection(SolutionConfigurationPlatforms) = preSolution
		Debug|Any CPU = Debug|Any CPU
		Debug|x64 = Debug|x64
		Debug|x86 = Debug|x86
		Release|Any CPU = Release|Any CPU
		Release|x64 = Release|x64
		Release|x86 = Release|x86
	EndGlobalSection
	GlobalSection(ProjectConfigurationPlatforms) = postSolution
		{8A872E58-B907-4F69-A50C-5ECA2BB85889}.Debug|Any CPU.ActiveCfg = Debug|Any CPU
		{8A872E58-B907-4F69-A50C-5ECA2BB85889}.Debug|Any CPU.Build.0 = Debug|Any CPU
		{8A872E58-B907-4F69-A50C-5ECA2BB85889}.Debug|x64.ActiveCfg = Debug|Any CPU
		{8A872E58-B907-4F69-A50C-5ECA2BB85889}.Debug|x64.Build.0 = Debug|Any CPU
		{8A872E58-B907-4F69-A50C-5ECA2BB85889}.Debug|x86.ActiveCfg = Debug|Any CPU
		{8A872E58-B907-4F69-A50C-5ECA2BB85889}.Debug|x86.Build.0 = Debug|Any CPU
		{8A872E58-B907-4F69-A50C-5ECA2BB85889}.Release|Any CPU.ActiveCfg = Release|Any CPU
		{8A872E58-B907-4F69-A50C-5ECA2BB85889}.Release|Any CPU.Build.0 = Release|Any CPU
		{8A872E58-B907-4F69-A50C-5ECA2BB85889}.Release|x64.ActiveCfg = Release|Any CPU
		{8A872E58-B907-4F69-A50C-5ECA2BB85889}.Release|x64.Build.0 = Release|Any CPU
		{8A872E58-B907-4F69-A50C-5ECA2BB85889}.Release|x86.ActiveCfg = Release|Any CPU
		{8A872E58-B907-4F69-A50C-5ECA2BB85889}.Release|x86.Build.0 = Release|Any CPU
		{F9078BBE-C32E-449F-B6FC-03FA8910C06A}.Debug|Any CPU.ActiveCfg = Debug|Any CPU
		{F9078BBE-C32E-449F-B6FC-03FA8910C06A}.Debug|Any CPU.Build.0 = Debug|Any CPU
		{F9078BBE-C32E-449F-B6FC-03FA8910C06A}.Debug|x64.ActiveCfg = Debug|Any CPU
		{F9078BBE-C32E-449F-B6FC-03FA8910C06A}.Debug|x64.Build.0 = Debug|Any CPU
		{F9078BBE-C32E-449F-B6FC-03FA8910C06A}.Debug|x86.ActiveCfg = Debug|Any CPU
		{F9078BBE-C32E-449F-B6FC-03FA8910C06A}.Debug|x86.Build.0 = Debug|Any CPU
		{F9078BBE-C32E-449F-B6FC-03FA8910C06A}.Release|Any CPU.ActiveCfg = Release|Any CPU
		{F9078BBE-C32E-449F-B6FC-03FA8910C06A}.Release|Any CPU.Build.0 = Release|Any CPU
		{F9078BBE-C32E-449F-B6FC-03FA8910C06A}.Release|x64.ActiveCfg = Release|Any CPU
		{F9078BBE-C32E-449F-B6FC-03FA8910C06A}.Release|x64.Build.0 = Release|Any CPU
		{F9078BBE-C32E-449F-B6FC-03FA8910C06A}.Release|x86.ActiveCfg = Release|Any CPU
		{F9078BBE-C32E-449F-B6FC-03FA8910C06A}.Release|x86.Build.0 = Release|Any CPU
		{8B3C5FE0-7C16-C220-3F9A-35D7C0E0D878}.Debug|Any CPU.ActiveCfg = Debug|Any CPU
		{8B3C5FE0-7C16-C220-3F9A-35D7C0E0D878}.Debug|Any CPU.Build.0 = Debug|Any CPU
		{8B3C5FE0-7C16-C220-3F9A-35D7C0E0D878}.Debug|x64.ActiveCfg = Debug|Any CPU
		{8B3C5FE0-7C16-C220-3F9A-35D7C0E0D878}.Debug|x64.Build.0 = Debug|Any CPU
		{8B3C5FE0-7C16-C220-3F9A-35D7C0E0D878}.Debug|x86.ActiveCfg = Debug|Any CPU
		{8B3C5FE0-7C16-C220-3F9A-35D7C0E0D878}.Debug|x86.Build.0 = Debug|Any CPU
		{8B3C5FE0-7C16-C220-3F9A-35D7C0E0D878}.Release|Any CPU.ActiveCfg = Release|Any CPU
		{8B3C5FE0-7C16-C220-3F9A-35D7C0E0D878}.Release|Any CPU.Build.0 = Release|Any CPU
		{8B3C5FE0-7C16-C220-3F9A-35D7C0E0D878}.Release|x64.ActiveCfg = Release|Any CPU
		{8B3C5FE0-7C16-C220-3F9A-35D7C0E0D878}.Release|x64.Build.0 = Release|Any CPU
		{8B3C5FE0-7C16-C220-3F9A-35D7C0E0D878}.Release|x86.ActiveCfg = Release|Any CPU
		{8B3C5FE0-7C16-C220-3F9A-35D7C0E0D878}.Release|x86.Build.0 = Release|Any CPU
	EndGlobalSection
	GlobalSection(SolutionProperties) = preSolution
		HideSolutionNode = FALSE
	EndGlobalSection
	GlobalSection(ExtensibilityGlobals) = postSolution
		SolutionGuid = {DF570137-184F-4D37-AD35-0310BFEF0DB9}
	EndGlobalSection
EndGlobal
